version = 1
revision = 3
requires-python = ">=3.12"

[[package]]
name = "anyio"
version = "4.13.0"
source = { registry = "https://pypi.org/simple" }
dependencies = [
    { name = "idna" },
    { name = "typing-extensions", marker = "python_full_version < '3.13'" },
]
sdist = { url = "https://files.pythonhosted.org/packages/19/14/2c5dd9f512b66549ae92767a9c7b330ae88e1932ca57876909410251fe13/anyio-4.13.0.tar.gz", hash = "sha256:334b70e641fd2221c1505b3890c69882fe4a2df910cba14d97019b90b24439dc", size = 231622, upload-time = "2026-03-24T12:59:09.671Z" }
wheels = [
    { url = "https://files.pythonhosted.org/packages/da/42/e921fccf5015463e32a3cf6ee7f980a6ed0f395ceeaa45060b61d86486c2/anyio-4.13.0-py3-none-any.whl", hash = "sha256:08b310f9e24a9594186fd75b4f73f4a4152069e3853f1ed8bfbf58369f4ad708", size = 114353, upload-time = "2026-03-24T12:59:08.246Z" },
]

[[package]]
name = "asyncio"
version = "4.0.0"
source = { registry = "https://pypi.org/simple" }
sdist = { url = "https://files.pythonhosted.org/packages/71/ea/26c489a11f7ca862d5705db67683a7361ce11c23a7b98fc6c2deaeccede2/asyncio-4.0.0.tar.gz", hash = "sha256:570cd9e50db83bc1629152d4d0b7558d6451bb1bfd5dfc2e935d96fc2f40329b", size = 5371, upload-time = "2025-08-05T02:51:46.605Z" }
wheels = [
    { url = "https://files.pythonhosted.org/packages/57/64/eff2564783bd650ca25e15938d1c5b459cda997574a510f7de69688cb0b4/asyncio-4.0.0-py3-none-any.whl", hash = "sha256:c1eddb0659231837046809e68103969b2bef8b0400d59cfa6363f6b5ed8cc88b", size = 5555, upload-time = "2025-08-05T02:51:45.767Z" },
]

[[package]]
name = "cassandra-driver"
version = "3.30.0"
source = { registry = "https://pypi.org/simple" }
dependencies = [
    { name = "deprecated" },
    { name = "geomet" },
]
sdist = { url = "https://files.pythonhosted.org/packages/85/26/8806d0949422b560029a040e7a628d92addd612726468c3fb546354a43a4/cassandra_driver-3.30.0.tar.gz", hash = "sha256:7e4cfd6ec3023576ed0ffa34882d9778e4bacfd918048ae9139ccdd00628ed85", size = 4242039, upload-time = "2026-04-16T05:04:59.838Z" }
wheels = [
    { url = "https://files.pythonhosted.org/packages/89/46/8fc42a2c836ec525f9313e6bdffbada2911d8501ff008e5d22ebdbaa4895/cassandra_driver-3.30.0-cp312-cp312-macosx_10_13_x86_64.whl", hash = "sha256:212af4d8ff934c30538f4bdf7da61f14dc9a30349f6cac2161c8125e56fad928", size = 7751805, upload-time = "2026-04-16T05:03:15.913Z" },
    { url = "https://files.pythonhosted.org/packages/a3/e3/8c3c02380334697c629de2db560d67e44461401175887e7a36374e30bcad/cassandra_driver-3.30.0-cp312-cp312-macosx_11_0_arm64.whl", hash = "sha256:61d7eeb17d8f76d5b4a9b1239145250f2a9f7bf949c30e2cc36196b5a0523ce1", size = 7576768, upload-time = "2026-04-16T05:03:23.624Z" },
    { url = "https://files.pythonhosted.org/packages/8f/5d/ead64522236077f4a63974ed4f193f26e35f85132751154f9aa839680dc5/cassandra_driver-3.30.0-cp312-cp312-manylinux2014_aarch64.manylinux_2_17_aarch64.manylinux_2_28_aarch64.whl", hash = "sha256:83a9148d408a3dbb48ea1802d643d60fa53cd69dc7b9a244511ecf5b917e4f53", size = 7330139, upload-time = "2026-04-16T05:03:30.567Z" },
    { url = "https://files.pythonhosted.org/packages/13/fe/bbed363953eee1774842806527e377a79f0cbfb52887b6379c856ff8fedf/cassandra_driver-3.30.0-cp312-cp312-manylinux2014_x86_64.manylinux_2_17_x86_64.manylinux_2_28_x86_64.whl", hash = "sha256:0f4225082a11d9529416c223553ab38a29c4e65da6646b40159c554480dc002c", size = 7581659, upload-time = "2026-04-16T05:03:37.811Z" },
    { url = "https://files.pythonhosted.org/packages/a4/60/c776d0d9d6b92bd2f15720db51313af8a194272f725d3fda8827258b728b/cassandra_driver-3.30.0-cp312-cp312-win_amd64.whl", hash = "sha256:6d449f49ce866ac20a1c3d80b1f9245ecdfd1e67b843dccd3d6eccdfe519c02e", size = 6795314, upload-time = "2026-04-16T05:03:44.648Z" },
    { url = "https://files.pythonhosted.org/packages/10/e8/32c6063738ce418403750575a1a1f73609c313766849cb930699d607fc8d/cassandra_driver-3.30.0-cp313-cp313-macosx_10_13_x86_64.whl", hash = "sha256:d2f9e00127f70dff42d4ef932df8a6b81170c2861d4e75c8b13f4b4816b4450c", size = 7738805, upload-time = "2026-04-16T05:03:51.875Z" },
    { url = "https://files.pythonhosted.org/packages/48/2c/b88c3747c63eeb36b1ebb46a50734b2490eb05f87944ec907563f861bb76/cassandra_driver-3.30.0-cp313-cp313-macosx_11_0_arm64.whl", hash = "sha256:8c4acd28791854c23ca68be50a7a750c9413ba80fec0ca5c27c2be05f6f3fe0a", size = 7568531, upload-time = "2026-04-16T05:03:59.122Z" },
    { url = "https://files.pythonhosted.org/packages/1e/c0/f44f3fdb7c40cddad7b58cc8102387ae8ee4da793ed5899d4a231989fbea/cassandra_driver-3.30.0-cp313-cp313-manylinux2014_aarch64.manylinux_2_17_aarch64.manylinux_2_28_aarch64.whl", hash = "sha256:289e86c81be2543cb9055600c0819850db921e6e138a84e5c88ec160662c7207", size = 7324591, upload-time = "2026-04-16T05:04:06.501Z" },
    { url = "https://files.pythonhosted.org/packages/63/7a/54466eff67b69653c83d5bcf3972e42a52b2e881f9a3ee7ca8b996943caf/cassandra_driver-3.30.0-cp313-cp313-manylinux2014_x86_64.manylinux_2_17_x86_64.manylinux_2_28_x86_64.whl", hash = "sha256:d73c0429813045ba86b92fc033fbcfd495aa10e9d4a40fe30b6e9dfe8b5d3ab4", size = 7575795, upload-time = "2026-04-16T05:04:13.645Z" },
    { url = "https://files.pythonhosted.org/packages/4a/0d/ff571cb27e56d8112bc3f4a5e807da54c8b875264e038e791e06ddcc1817/cassandra_driver-3.30.0-cp313-cp313-win_amd64.whl", hash = "sha256:17fb53587c9fc6a27b5c4a89b4f3d9169be43fc572d6f3f67494aa74708be936", size = 6798091, upload-time = "2026-04-16T05:04:20.145Z" },
    { url = "https://files.pythonhosted.org/packages/73/c0/a8b52c18959d96d313450cdfa97f66d4b67327814671df65a7a2e7fca64f/cassandra_driver-3.30.0-cp314-cp314-macosx_10_15_x86_64.whl", hash = "sha256:c64e20bf46b49f8ef64569208d4a395b0928c27d5960559922a2d13471924d0d", size = 7736773, upload-time = "2026-04-16T05:04:27.315Z" },
    { url = "https://files.pythonhosted.org/packages/48/a8/a7aae33ef0a74616210b2cff18a5efba3db99f1c5bb7e2a5a31aeabb8558/cassandra_driver-3.30.0-cp314-cp314-macosx_11_0_arm64.whl", hash = "sha256:923a6e1c3fa5f98f846a028b1a7207ec9e7d8cfa54ea47a507d41122efa2f54f", size = 7562347, upload-time = "2026-04-16T05:04:34.5Z" },
    { url = "https://files.pythonhosted.org/packages/99/9e/bed3930f4a726b3783fea179a88cd16b95d968ec8fc1af9d5193d26cfc39/cassandra_driver-3.30.0-cp314-cp314-manylinux2014_aarch64.manylinux_2_17_aarch64.manylinux_2_28_aarch64.whl", hash = "sha256:c1b4aa6c7706dec839134adb6a2094d90c5f6f35efa08028ed6aae6e67c8643e", size = 7382080, upload-time = "2026-04-16T05:04:41.48Z" },
    { url = "https://files.pythonhosted.org/packages/f6/9b/8cd9c03474bac374b0cda4124c7c4d2f6b2b5f7942b028f82222daf54fcb/cassandra_driver-3.30.0-cp314-cp314-manylinux2014_x86_64.manylinux_2_17_x86_64.manylinux_2_28_x86_64.whl", hash = "sha256:137498e2a9b6f578d1902e1af8a988e50b8fe134c76a176f1b8a774e906bc66c", size = 7590242, upload-time = "2026-04-16T05:04:48.477Z" },
    { url = "https://files.pythonhosted.org/packages/c4/29/aed0ee68f724b9fecc9cebfcae44f331b5dd2e010415f4be2d6e64d77226/cassandra_driver-3.30.0-cp314-cp314-win_amd64.whl", hash = "sha256:136b46437b9902673264e101cdaab309d3e40607bff34430bda86b785badc6e4", size = 6787116, upload-time = "2026-04-16T05:04:55.349Z" },
]

[[package]]
name = "certifi"
version = "2022.12.7"
source = { registry = "https://pypi.org/simple" }
sdist = { url = "https://files.pythonhosted.org/packages/37/f7/2b1b0ec44fdc30a3d31dfebe52226be9ddc40cd6c0f34ffc8923ba423b69/certifi-2022.12.7.tar.gz", hash = "sha256:35824b4c3a97115964b408844d64aa14db1cc518f6562e8d7261699d1350a9e3", size = 156897, upload-time = "2022-12-07T20:13:22.081Z" }
wheels = [
    { url = "https://files.pythonhosted.org/packages/71/4c/3db2b8021bd6f2f0ceb0e088d6b2d49147671f25832fb17970e9b583d742/certifi-2022.12.7-py3-none-any.whl", hash = "sha256:4ad3232f5e926d6718ec31cfc1fcadfde020920e278684144551c91769c7bc18", size = 155255, upload-time = "2022-12-07T20:13:19.428Z" },
]

[[package]]
name = "cinema-reservation-system"
version = "0.1.0"
source = { editable = "." }
dependencies = [
    { name = "asyncio" },
    { name = "cassandra-driver" },
    { name = "httpx" },
    { name = "tornado" },
]

[package.metadata]
requires-dist = [
    { name = "asyncio" },
    { name = "cassandra-driver" },
    { name = "httpx" },
    { name = "tornado" },
]

[[package]]
name = "click"
version = "8.4.1"
source = { registry = "https://pypi.org/simple" }
dependencies = [
    { name = "colorama", marker = "sys_platform == 'win32'" },
]
sdist = { url = "https://files.pythonhosted.org/packages/9b/98/518d8e5081007684232226f475082b30087d0f585e8457db087298259f49/click-8.4.1.tar.gz", hash = "sha256:918b5633eddf6b41c32d4f454bf0de810065c74e3f7dbf8ee5452f8be88d3e96", size = 353007, upload-time = "2026-05-22T04:08:37.769Z" }
wheels = [
    { url = "https://files.pythonhosted.org/packages/c7/0d/67e5b4109ea4a837e80daa87c2c696711955e40449a97e8926672534def2/click-8.4.1-py3-none-any.whl", hash = "sha256:482be17c6991b8c19c5429a1e995d9b0efdbb63172824c41f99965dc0ade8ec2", size = 116639, upload-time = "2026-05-22T04:08:35.26Z" },
]

[[package]]
name = "colorama"
version = "0.4.6"
source = { registry = "https://pypi.org/simple" }
sdist = { url = "https://files.pythonhosted.org/packages/d8/53/6f443c9a4a8358a93a6792e2acffb9d9d5cb0a5cfd8802644b7b1c9a02e4/colorama-0.4.6.tar.gz", hash = "sha256:08695f5cb7ed6e0531a20572697297273c47b8cae5a63ffc6d6ed5c201be6e44", size = 27697, upload-time = "2022-10-25T02:36:22.414Z" }
wheels = [
    { url = "https://files.pythonhosted.org/packages/d1/d6/3965ed04c63042e047cb6a3e6ed1a63a35087b6a609aa3a15ed8ac56c221/colorama-0.4.6-py2.py3-none-any.whl", hash = "sha256:4f1d9991f5acc0ca119f9d443620b77f9d6b33703e51011c16baf57afb285fc6", size = 25335, upload-time = "2022-10-25T02:36:20.889Z" },
]

[[package]]
name = "deprecated"
version = "1.3.1"
source = { registry = "https://pypi.org/simple" }
dependencies = [
    { name = "wrapt" },
]
sdist = { url = "https://files.pythonhosted.org/packages/49/85/12f0a49a7c4ffb70572b6c2ef13c90c88fd190debda93b23f026b25f9634/deprecated-1.3.1.tar.gz", hash = "sha256:b1b50e0ff0c1fddaa5708a2c6b0a6588bb09b892825ab2b214ac9ea9d92a5223", size = 2932523, upload-time = "2025-10-30T08:19:02.757Z" }
wheels = [
    { url = "https://files.pythonhosted.org/packages/84/d0/205d54408c08b13550c733c4b85429e7ead111c7f0014309637425520a9a/deprecated-1.3.1-py2.py3-none-any.whl", hash = "sha256:597bfef186b6f60181535a29fbe44865ce137a5079f295b479886c82729d5f3f", size = 11298, upload-time = "2025-10-30T08:19:00.758Z" },
]

[[package]]
name = "geomet"
version = "1.1.0"
source = { registry = "https://pypi.org/simple" }
dependencies = [
    { name = "click" },
]
sdist = { url = "https://files.pythonhosted.org/packages/2a/8c/dde022aa6747b114f6b14a7392871275dea8867e2bd26cddb80cc6d66620/geomet-1.1.0.tar.gz", hash = "sha256:51e92231a0ef6aaa63ac20c443377ba78a303fd2ecd179dc3567de79f3c11605", size = 28732, upload-time = "2023-11-14T15:43:36.764Z" }
wheels = [
    { url = "https://files.pythonhosted.org/packages/af/90/3bc780df088d439714af8295196a4332a26559ae66fd99865e36f92efa9e/geomet-1.1.0-py3-none-any.whl", hash = "sha256:4372fe4e286a34acc6f2e9308284850bd8c4aa5bc12065e2abbd4995900db12f", size = 31522, upload-time = "2023-11-14T15:43:35.305Z" },
]

[[package]]
name = "h11"
version = "0.16.0"
source = { registry = "https://pypi.org/simple" }
sdist = { url = "https://files.pythonhosted.org/packages/01/ee/02a2c011bdab74c6fb3c75474d40b3052059d95df7e73351460c8588d963/h11-0.16.0.tar.gz", hash = "sha256:4e35b956cf45792e4caa5885e69fba00bdbc6ffafbfa020300e549b208ee5ff1", size = 101250, upload-time = "2025-04-24T03:35:25.427Z" }
wheels = [
    { url = "https://files.pythonhosted.org/packages/04/4b/29cac41a4d98d144bf5f6d33995617b185d14b22401f75ca86f384e87ff1/h11-0.16.0-py3-none-any.whl", hash = "sha256:63cf8bbe7522de3bf65932fda1d9c2772064ffb3dae62d55932da54b31cb6c86", size = 37515, upload-time = "2025-04-24T03:35:24.344Z" },
]

[[package]]
name = "httpcore"
version = "1.0.9"
source = { registry = "https://pypi.org/simple" }
dependencies = [
    { name = "certifi" },
    { name = "h11" },
]
sdist = { url = "https://files.pythonhosted.org/packages/06/94/82699a10bca87a5556c9c59b5963f2d039dbd239f25bc2a63907a05a14cb/httpcore-1.0.9.tar.gz", hash = "sha256:6e34463af53fd2ab5d807f399a9b45ea31c3dfa2276f15a2c3f00afff6e176e8", size = 85484, upload-time = "2025-04-24T22:06:22.219Z" }
wheels = [
    { url = "https://files.pythonhosted.org/packages/7e/f5/f66802a942d491edb555dd61e3a9961140fd64c90bce1eafd741609d334d/httpcore-1.0.9-py3-none-any.whl", hash = "sha256:2d400746a40668fc9dec9810239072b40b4484b640a8c38fd654a024c7a1bf55", size = 78784, upload-time = "2025-04-24T22:06:20.566Z" },
]

[[package]]
name = "httpx"
version = "0.28.1"
source = { registry = "https://pypi.org/simple" }
dependencies = [
    { name = "anyio" },
    { name = "certifi" },
    { name = "httpcore" },
    { name = "idna" },
]
sdist = { url = "https://files.pythonhosted.org/packages/b1/df/48c586a5fe32a0f01324ee087459e112ebb7224f646c0b5023f5e79e9956/httpx-0.28.1.tar.gz", hash = "sha256:75e98c5f16b0f35b567856f597f06ff2270a374470a5c2392242528e3e3e42fc", size = 141406, upload-time = "2024-12-06T15:37:23.222Z" }
wheels = [
    { url = "https://files.pythonhosted.org/packages/2a/39/e50c7c3a983047577ee07d2a9e53faf5a69493943ec3f6a384bdc792deb2/httpx-0.28.1-py3-none-any.whl", hash = "sha256:d909fcccc110f8c7faf814ca82a9a4d816bc5a6dbfea25d6591d6985b8ba59ad", size = 73517, upload-time = "2024-12-06T15:37:21.509Z" },
]

[[package]]
name = "idna"
version = "3.4"
source = { registry = "https://pypi.org/simple" }
sdist = { url = "https://files.pythonhosted.org/packages/8b/e1/43beb3d38dba6cb420cefa297822eac205a277ab43e5ba5d5c46faf96438/idna-3.4.tar.gz", hash = "sha256:814f528e8dead7d329833b91c5faa87d60bf71824cd12a7530b5526063d02cb4", size = 183077, upload-time = "2022-09-14T00:24:27.719Z" }
wheels = [
    { url = "https://files.pythonhosted.org/packages/fc/34/3030de6f1370931b9dbb4dad48f6ab1015ab1d32447850b9fc94e60097be/idna-3.4-py3-none-any.whl", hash = "sha256:90b77e79eaa3eba6de819a0c442c0b4ceefc341a7a2ab77d7562bf49f425c5c2", size = 61538, upload-time = "2022-09-14T00:24:23.22Z" },
]

[[package]]
name = "tornado"
version = "6.5.5"
source = { registry = "https://pypi.org/simple" }
sdist = { url = "https://files.pythonhosted.org/packages/f8/f1/3173dfa4a18db4a9b03e5d55325559dab51ee653763bb8745a75af491286/tornado-6.5.5.tar.gz", hash = "sha256:192b8f3ea91bd7f1f50c06955416ed76c6b72f96779b962f07f911b91e8d30e9", size = 516006, upload-time = "2026-03-10T21:31:02.067Z" }
wheels = [
    { url = "https://files.pythonhosted.org/packages/59/8c/77f5097695f4dd8255ecbd08b2a1ed8ba8b953d337804dd7080f199e12bf/tornado-6.5.5-cp39-abi3-macosx_10_9_universal2.whl", hash = "sha256:487dc9cc380e29f58c7ab88f9e27cdeef04b2140862e5076a66fb6bb68bb1bfa", size = 445983, upload-time = "2026-03-10T21:30:44.28Z" },
    { url = "https://files.pythonhosted.org/packages/ab/5e/7625b76cd10f98f1516c36ce0346de62061156352353ef2da44e5c21523c/tornado-6.5.5-cp39-abi3-macosx_10_9_x86_64.whl", hash = "sha256:65a7f1d46d4bb41df1ac99f5fcb685fb25c7e61613742d5108b010975a9a6521", size = 444246, upload-time = "2026-03-10T21:30:46.571Z" },
    { url = "https://files.pythonhosted.org/packages/b2/04/7b5705d5b3c0fab088f434f9c83edac1573830ca49ccf29fb83bf7178eec/tornado-6.5.5-cp39-abi3-manylinux1_x86_64.manylinux_2_28_x86_64.manylinux_2_5_x86_64.whl", hash = "sha256:e74c92e8e65086b338fd56333fb9a68b9f6f2fe7ad532645a290a464bcf46be5", size = 447229, upload-time = "2026-03-10T21:30:48.273Z" },
    { url = "https://files.pythonhosted.org/packages/34/01/74e034a30ef59afb4097ef8659515e96a39d910b712a89af76f5e4e1f93c/tornado-6.5.5-cp39-abi3-manylinux2014_aarch64.manylinux_2_17_aarch64.manylinux_2_28_aarch64.whl", hash = "sha256:435319e9e340276428bbdb4e7fa732c2d399386d1de5686cb331ec8eee754f07", size = 448192, upload-time = "2026-03-10T21:30:51.22Z" },
    { url = "https://files.pythonhosted.org/packages/be/00/fe9e02c5a96429fce1a1d15a517f5d8444f9c412e0bb9eadfbe3b0fc55bf/tornado-6.5.5-cp39-abi3-musllinux_1_2_aarch64.whl", hash = "sha256:3f54aa540bdbfee7b9eb268ead60e7d199de5021facd276819c193c0fb28ea4e", size = 448039, upload-time = "2026-03-10T21:30:53.52Z" },
    { url = "https://files.pythonhosted.org/packages/82/9e/656ee4cec0398b1d18d0f1eb6372c41c6b889722641d84948351ae19556d/tornado-6.5.5-cp39-abi3-musllinux_1_2_x86_64.whl", hash = "sha256:36abed1754faeb80fbd6e64db2758091e1320f6bba74a4cf8c09cd18ccce8aca", size = 447445, upload-time = "2026-03-10T21:30:55.541Z" },
    { url = "https://files.pythonhosted.org/packages/5a/76/4921c00511f88af86a33de770d64141170f1cfd9c00311aea689949e274e/tornado-6.5.5-cp39-abi3-win32.whl", hash = "sha256:dd3eafaaeec1c7f2f8fdcd5f964e8907ad788fe8a5a32c4426fbbdda621223b7", size = 448582, upload-time = "2026-03-10T21:30:57.142Z" },
    { url = "https://files.pythonhosted.org/packages/2c/23/f6c6112a04d28eed765e374435fb1a9198f73e1ec4b4024184f21faeb1ad/tornado-6.5.5-cp39-abi3-win_amd64.whl", hash = "sha256:6443a794ba961a9f619b1ae926a2e900ac20c34483eea67be4ed8f1e58d3ef7b", size = 448990, upload-time = "2026-03-10T21:30:58.857Z" },
    { url = "https://files.pythonhosted.org/packages/b7/c8/876602cbc96469911f0939f703453c1157b0c826ecb05bdd32e023397d4e/tornado-6.5.5-cp39-abi3-win_arm64.whl", hash = "sha256:2c9a876e094109333f888539ddb2de4361743e5d21eece20688e3e351e4990a6", size = 448016, upload-time = "2026-03-10T21:31:00.43Z" },
]

[[package]]
name = "typing-extensions"
version = "4.15.0"
source = { registry = "https://pypi.org/simple" }
sdist = { url = "https://files.pythonhosted.org/packages/72/94/1a15dd82efb362ac84269196e94cf00f187f7ed21c242792a923cdb1c61f/typing_extensions-4.15.0.tar.gz", hash = "sha256:0cea48d173cc12fa28ecabc3b837ea3cf6f38c6d1136f85cbaaf598984861466", size = 109391, upload-time = "2025-08-25T13:49:26.313Z" }
wheels = [
    { url = "https://files.pythonhosted.org/packages/18/67/36e9267722cc04a6b9f15c7f3441c2363321a3ea07da7ae0c0707beb2a9c/typing_extensions-4.15.0-py3-none-any.whl", hash = "sha256:f0fa19c6845758ab08074a0cfa8b7aecb71c999ca73d62883bc25cc018c4e548", size = 44614, upload-time = "2025-08-25T13:49:24.86Z" },
]

[[package]]
name = "wrapt"
version = "2.2.1"
source = { registry = "https://pypi.org/simple" }
sdist = { url = "https://files.pythonhosted.org/packages/2d/9f/06263fcd8ad6c405f05a3905fd7a84dd3176eb5ad46e44bccc0cd16348bb/wrapt-2.2.1.tar.gz", hash = "sha256:6744f504375775d7609c82c8d3d94af1c9a6f05586984536905908ba905277b9", size = 127620, upload-time = "2026-05-22T14:49:43.056Z" }
wheels = [
    { url = "https://files.pythonhosted.org/packages/89/0c/bfae7b9401583b6d05938cd16dedc43857d96da2f8a3d50d78cc515bf6ff/wrapt-2.2.1-cp312-cp312-macosx_10_13_x86_64.whl", hash = "sha256:3ffad790d9d11d8ecf9f17c4bb671a5b4089e4d8b575c46c5129597f41f836b0", size = 81021, upload-time = "2026-05-22T14:48:00.313Z" },
    { url = "https://files.pythonhosted.org/packages/26/58/80f6a6599f933f4caecc1cb3ee88a04faf81e8b9bddbd6109c688dd63e0f/wrapt-2.2.1-cp312-cp312-macosx_11_0_arm64.whl", hash = "sha256:628f5220c7a904d5fc78f7075c8d7871433eb6d035c94728a22fdf85f193d2a8", size = 81692, upload-time = "2026-05-22T14:48:01.49Z" },
    { url = "https://files.pythonhosted.org/packages/17/93/fb357cc7847c58a8ae790be718903afa81a28d23e642c843dc4129e8a0b2/wrapt-2.2.1-cp312-cp312-manylinux1_x86_64.manylinux_2_28_x86_64.manylinux_2_5_x86_64.whl", hash = "sha256:61acce4257a9883669703c525447c5b4c392edf0f987ae77ec32668440158f0e", size = 169364, upload-time = "2026-05-22T14:48:02.791Z" },
    { url = "https://files.pythonhosted.org/packages/aa/0b/76b601ee309a8bd556af0eecb184394c20b3c49aa9c8e085aa1ffacc2568/wrapt-2.2.1-cp312-cp312-manylinux2014_aarch64.manylinux_2_17_aarch64.manylinux_2_28_aarch64.whl", hash = "sha256:727ab4244622cd6ad2390f322642090c877d2e83a608d2653a7643ae5368d926", size = 171079, upload-time = "2026-05-22T14:48:04.22Z" },
    { url = "https://files.pythonhosted.org/packages/cd/87/ee3f32d5658e3e26d3e0e457922b47a36dd3bfbdfee7f97bb3e802344a66/wrapt-2.2.1-cp312-cp312-manylinux_2_31_riscv64.manylinux_2_39_riscv64.whl", hash = "sha256:03df9ebed4c73ab93fa8c07e3d41d818dfca1852b15731a3de59457b27814624", size = 160205, upload-time = "2026-05-22T14:48:05.553Z" },
    { url = "https://files.pythonhosted.org/packages/b1/d0/ae2fd64277a67f5d7bffcf2d05eea1e476263fb2a072baf0b0129ab85984/wrapt-2.2.1-cp312-cp312-musllinux_1_2_aarch64.whl", hash = "sha256:0d9ff006f420b2ec8296aa56ade43ea7da3e997e85769f0aafc5e0661aacb710", size = 168922, upload-time = "2026-05-22T14:48:07.132Z" },
    { url = "https://files.pythonhosted.org/packages/b1/f3/2d541a060c5bbafb9400bca4917e4d78bfd1f239f404782c86831a8f6b29/wrapt-2.2.1-cp312-cp312-musllinux_1_2_riscv64.whl", hash = "sha256:844c858fc3bb7eacc0ba8efa904935d16aac6a4470948ad1e7e55c9f5a2a665f", size = 158388, upload-time = "2026-05-22T14:48:08.629Z" },
    { url = "https://files.pythonhosted.org/packages/1d/68/8d92c8800c57e93cb116ae9e9d6cbafc34fade5ee9f9107b6f203fb4dc35/wrapt-2.2.1-cp312-cp312-musllinux_1_2_x86_64.whl", hash = "sha256:87bacdaf225117a342a20d9c03438d701c02112f6e3f351ce9b7f32354f14797", size = 167682, upload-time = "2026-05-22T14:48:10.042Z" },
    { url = "https://files.pythonhosted.org/packages/30/72/83ea3790ea352439442349388e29ff07b76e0686265f9088bbb505d1608d/wrapt-2.2.1-cp312-cp312-win32.whl", hash = "sha256:2f8c90c8afde51969487be4e1343ae049b268854877d415c2510baf833775052", size = 77857, upload-time = "2026-05-22T14:48:11.782Z" },
    { url = "https://files.pythonhosted.org/packages/ef/cb/99450668dd3502d62a54a1c8aa56e44f34cb8c1261b381cfe2e7926c3b75/wrapt-2.2.1-cp312-cp312-win_amd64.whl", hash = "sha256:6ce32763ac31ce94fe9aada947e479b1975012bff166da409b4b9e4e376cf7e5", size = 80825, upload-time = "2026-05-22T14:48:13.046Z" },
    { url = "https://files.pythonhosted.org/packages/e6/3a/87512881be64e743f9ee4c66f4cbe8e884974bef2a5989af71f999653ac7/wrapt-2.2.1-cp312-cp312-win_arm64.whl", hash = "sha256:8d1b4d0e0c2119587a31f5c029abd547e0c81d93b89d394566fe1588659eb579", size = 79087, upload-time = "2026-05-22T14:48:14.323Z" },
    { url = "https://files.pythonhosted.org/packages/88/d1/a1b08f8f4fac8cbb156fa51cf64ee2c7f7f74f9875ba3cf70b3c58368694/wrapt-2.2.1-cp313-cp313-macosx_10_13_x86_64.whl", hash = "sha256:d2beb1c7cab10603aecdc42f8edd6ff013f9a32e4543474e38e6b77ce9975aeb", size = 80831, upload-time = "2026-05-22T14:48:15.598Z" },
    { url = "https://files.pythonhosted.org/packages/54/ce/57890814991446a845e09b3445ce8b694f27eb0577004f2c2a36a9772ed4/wrapt-2.2.1-cp313-cp313-macosx_11_0_arm64.whl", hash = "sha256:e0cb7e4dd71f4c32e5e84843cd3c4cd65dda034314004bbe1d7f99af2426ab80", size = 81375, upload-time = "2026-05-22T14:48:17.071Z" },
    { url = "https://files.pythonhosted.org/packages/38/65/08d7a6c76ac4493bdb668205ee9c1de1bd5daca61717c3e9aa49b4c01499/wrapt-2.2.1-cp313-cp313-manylinux1_x86_64.manylinux_2_28_x86_64.manylinux_2_5_x86_64.whl", hash = "sha256:95821352042722cd9f1108874579a47989d0a7e12a37d87d2fc4af20fd99ab8a", size = 167417, upload-time = "2026-05-22T14:48:18.303Z" },
    { url = "https://files.pythonhosted.org/packages/62/ce/f1ccbee7a1bfe5cdc6b3da6bab4b45713d628b9294da32a39f563d648140/wrapt-2.2.1-cp313-cp313-manylinux2014_aarch64.manylinux_2_17_aarch64.manylinux_2_28_aarch64.whl", hash = "sha256:abd621552ede77c4c69be7fac44ba911225b0c812b6ba604e5964cf98085b474", size = 166948, upload-time = "2026-05-22T14:48:19.768Z" },
    { url = "https://files.pythonhosted.org/packages/86/2a/f85d48d1cd4869aee6704028d257d740a47c1c467b457ce396b4b5b55d07/wrapt-2.2.1-cp313-cp313-manylinux_2_31_riscv64.manylinux_2_39_riscv64.whl", hash = "sha256:e3677c7146ce694874941ba82b57092cc4875445aadf29d72807351023105143", size = 158148, upload-time = "2026-05-22T14:48:21.96Z" },
    { url = "https://files.pythonhosted.org/packages/fe/5c/93939ad11d4a12358ab1aab219a2ef5efa5612e0db6b9fc65af8af1a891b/wrapt-2.2.1-cp313-cp313-musllinux_1_2_aarch64.whl", hash = "sha256:9a5934eaea872e17936b5f45501eba5ab0bce9a74122e172b663d7c28c459c4a", size = 165905, upload-time = "2026-05-22T14:48:23.373Z" },
    { url = "https://files.pythonhosted.org/packages/e0/22/b8c2aa89862ff58605934d7abf4b70e6a5a1c33df96656f49035ccdf1c8a/wrapt-2.2.1-cp313-cp313-musllinux_1_2_riscv64.whl", hash = "sha256:f5b9daf6b629fce418e0cc3dd0436eac045188fa35deadb7a7f3941d5b8203f9", size = 156712, upload-time = "2026-05-22T14:48:24.767Z" },
    { url = "https://files.pythonhosted.org/packages/5d/78/bf00a7b02239c12bb02ddcc3c0b971bfcc36e578c5a44f1ccfef5b458545/wrapt-2.2.1-cp313-cp313-musllinux_1_2_x86_64.whl", hash = "sha256:f53ac9f3ef573326d009ed809beff4efcac6451931c2b8132586da4b9e53ff31", size = 166560, upload-time = "2026-05-22T14:48:26.83Z" },
    { url = "https://files.pythonhosted.org/packages/fe/93/6390ca9c5b787683cef588d04f57c8d41b9a2323b5597a65f18638c90ef2/wrapt-2.2.1-cp313-cp313-win32.whl", hash = "sha256:1ffa9cfd4bdb581539951b14ae661ff20ed0c3599b3e911a131ee0ec5ac11337", size = 77817, upload-time = "2026-05-22T14:48:28.221Z" },
    { url = "https://files.pythonhosted.org/packages/97/73/ce10f0e71c0cfaa1a65faadb8efd4852028b3bb9ba28932b8889df769d38/wrapt-2.2.1-cp313-cp313-win_amd64.whl", hash = "sha256:368eac1e20fd0bb03dd3cc42bf9887154c3861b60989389ccb5fac032617d215", size = 80736, upload-time = "2026-05-22T14:48:30.139Z" },
    { url = "https://files.pythonhosted.org/packages/c7/4c/89f4a6818fafbbd840330e4fa3873073e1bfc166133a64cac7f8fde7a5e3/wrapt-2.2.1-cp313-cp313-win_arm64.whl", hash = "sha256:c754dafdf5aaf0b401b644a90a30046929a0dd1a536e0ff0ec959a59155d9c7f", size = 79099, upload-time = "2026-05-22T14:48:31.405Z" },
    { url = "https://files.pythonhosted.org/packages/bf/f2/9a8741c46f8c208ac0a45b25ba170bcb4fb72a2781d5fb97dbd7b6be73cb/wrapt-2.2.1-cp313-cp313t-macosx_10_13_x86_64.whl", hash = "sha256:ed928d0fda15fc0adc8d13305c8b3c0f2fba5b0669950c9e6d019d9162a3b3e8", size = 82802, upload-time = "2026-05-22T14:48:33.307Z" },
    { url = "https://files.pythonhosted.org/packages/9c/0d/e9c855716a3705eef1416456bdf062b60620726fdc59428ff670fc3c60dc/wrapt-2.2.1-cp313-cp313t-macosx_11_0_arm64.whl", hash = "sha256:fafb4e739e43544d12cb4abd1605fd4683b6ca6a9ad682b7fd8f4d21973eafa8", size = 83329, upload-time = "2026-05-22T14:48:34.593Z" },
    { url = "https://files.pythonhosted.org/packages/3b/d6/a88f1c13112b7831adac75cea65d8310e0d696d570c8961844c90a57b865/wrapt-2.2.1-cp313-cp313t-manylinux1_x86_64.manylinux_2_28_x86_64.manylinux_2_5_x86_64.whl", hash = "sha256:74d6a0c31472fe5d814917266b9f46495d7c61ed890af08b468acea92fb89a8d", size = 202937, upload-time = "2026-05-22T14:48:35.859Z" },
    { url = "https://files.pythonhosted.org/packages/42/65/e29d54aef06a4d898a5b8a25589a0b3769bde454f922fad8f6f89fbfb650/wrapt-2.2.1-cp313-cp313t-manylinux2014_aarch64.manylinux_2_17_aarch64.manylinux_2_28_aarch64.whl", hash = "sha256:ab5be648d5a0b86b7438864f8df3c705a65cef35a2fd3e5561e3e203167e0f27", size = 209997, upload-time = "2026-05-22T14:48:38.153Z" },
    { url = "https://files.pythonhosted.org/packages/2a/91/e4454263516cf0e12640912fbca9a83654e424f0a6ddb79f5cd7ce14bf33/wrapt-2.2.1-cp313-cp313t-manylinux_2_31_riscv64.manylinux_2_39_riscv64.whl", hash = "sha256:9d8f204c8e3a8bf9ece17e0a83d137fd807440977f8a5e762d59306795011440", size = 194856, upload-time = "2026-05-22T14:48:39.69Z" },
    { url = "https://files.pythonhosted.org/packages/de/d0/fe0ee202286afdf4a7f77dd29f195703145764d572aec209c5086e57d924/wrapt-2.2.1-cp313-cp313t-musllinux_1_2_aarch64.whl", hash = "sha256:d047f6498c973874ba08ac3f97c69a2c4b2211c8de6f4c205f75cb1c9522596e", size = 205654, upload-time = "2026-05-22T14:48:43.456Z" },
    { url = "https://files.pythonhosted.org/packages/23/b6/87d860dfc6460c246af70b1fd5c8b76df77571b42a493459423ded94fd7d/wrapt-2.2.1-cp313-cp313t-musllinux_1_2_riscv64.whl", hash = "sha256:7a4fdb9326aab4a5a477a1640e5ad786a8495901009d7e7b038371edd23a9d2b", size = 192206, upload-time = "2026-05-22T14:48:44.858Z" },
    { url = "https://files.pythonhosted.org/packages/df/46/3eea8cde077d985f239a38c0257087b8064fd9ee9b1a99e282d2c86da4ef/wrapt-2.2.1-cp313-cp313t-musllinux_1_2_x86_64.whl", hash = "sha256:c8cc5094b08abeae52da9c73c8a32003623be691a5193df2f4e3eac3d557c394", size = 198428, upload-time = "2026-05-22T14:48:46.319Z" },
    { url = "https://files.pythonhosted.org/packages/18/dc/b927ee9c7fc67adc3a5658f246a0d275425eb840ba36e7b702e70f18bde8/wrapt-2.2.1-cp313-cp313t-win32.whl", hash = "sha256:9907a4402ab6db12b7077a0ea5d7a4d028ecb22c8eee2b53527080d347cd1562", size = 79448, upload-time = "2026-05-22T14:48:47.901Z" },
    { url = "https://files.pythonhosted.org/packages/ec/b3/fd30b473fe498c70e6b9a5f328b8d3fbaf1b8c3c481465f59724bba8eb70/wrapt-2.2.1-cp313-cp313t-win_amd64.whl", hash = "sha256:5590d63f5243251641cf543009b4c9314a79d0598fdb8a8e4cfc918494536c53", size = 83021, upload-time = "2026-05-22T14:48:49.201Z" },
    { url = "https://files.pythonhosted.org/packages/ee/f3/96c39153a8737a6e9aa85adef254ac4195bea3f2d24efc60472ccc3c9e2e/wrapt-2.2.1-cp313-cp313t-win_arm64.whl", hash = "sha256:c318a64b53d97b841d7b5e637517e50a27be64bc695128422953d4b21710954e", size = 80295, upload-time = "2026-05-22T14:48:50.479Z" },
    { url = "https://files.pythonhosted.org/packages/0a/a3/11d7f34ebbf3231bc907a3e6d5ee051b14d034c1bc7b65a97d5cc00516df/wrapt-2.2.1-cp314-cp314-macosx_10_15_x86_64.whl", hash = "sha256:6f56a647e4eaf5f0ca40330fb070f566bdf9f7b0db89a1af20d71c28dcd7a0ab", size = 80879, upload-time = "2026-05-22T14:48:51.802Z" },
    { url = "https://files.pythonhosted.org/packages/13/3c/b74cfd984cef560b900fb1a727af20352d89e1f06bf2e1114dd3f00f5f5a/wrapt-2.2.1-cp314-cp314-macosx_11_0_arm64.whl", hash = "sha256:64b7deeda4b70408e382328d8bbe52a256fe9bc63ae3db86d804608367e5422c", size = 81462, upload-time = "2026-05-22T14:48:53.18Z" },
    { url = "https://files.pythonhosted.org/packages/15/a3/7c8f704b8dc07dfe0a5d01c2edbfd88317aa8e5e3fa7c743eb7a085ae767/wrapt-2.2.1-cp314-cp314-manylinux1_x86_64.manylinux_2_28_x86_64.manylinux_2_5_x86_64.whl", hash = "sha256:b9cf53ba90717db2e292401de290776c498d4bbfb0d4a559ca2895db8b9dcb5c", size = 167251, upload-time = "2026-05-22T14:48:54.562Z" },
    { url = "https://files.pythonhosted.org/packages/80/85/a34d1888d97247da6c2ff6118c3a721c73ed8cc4dd198c00208bb73b6f80/wrapt-2.2.1-cp314-cp314-manylinux2014_aarch64.manylinux_2_17_aarch64.manylinux_2_28_aarch64.whl", hash = "sha256:cf3638274ab9d9b724c9baa0b4c04e132cd6faefb78b4dd3dd1a02a4bdaad41e", size = 166316, upload-time = "2026-05-22T14:48:56.065Z" },
    { url = "https://files.pythonhosted.org/packages/e9/d7/72ffaeb01eebc704afe3fb99e840480f4bda45f0fa66e3381b6a39251c8f/wrapt-2.2.1-cp314-cp314-manylinux_2_31_riscv64.manylinux_2_39_riscv64.whl", hash = "sha256:aed9658797d0b45d6c49adcfc6b41f66e6f2d0c6de3ec79e16cf4b1855df240f", size = 157952, upload-time = "2026-05-22T14:48:57.924Z" },
    { url = "https://files.pythonhosted.org/packages/24/5b/36f5d6b024e4edfdd90b140742d11ebcf7836daf5c9daf326c55c24db412/wrapt-2.2.1-cp314-cp314-musllinux_1_2_aarch64.whl", hash = "sha256:1d676ee388bc42a04d56dd7deb5605244dac2e35cc2fadbb43c9fa25bbd93508", size = 166130, upload-time = "2026-05-22T14:48:59.384Z" },
    { url = "https://files.pythonhosted.org/packages/81/06/9296d9e97bfdef5483dfcc859d57b095b257144b2bc5300ab521e06f4bc7/wrapt-2.2.1-cp314-cp314-musllinux_1_2_riscv64.whl", hash = "sha256:e395f7bc31851ef9b612050368cb446e9bc14cd7454b025018980349caf25ae5", size = 156604, upload-time = "2026-05-22T14:49:00.921Z" },
    { url = "https://files.pythonhosted.org/packages/53/37/16953929ed6776175720e58fc966e779926d8d71e2c7b2273230590ca71f/wrapt-2.2.1-cp314-cp314-musllinux_1_2_x86_64.whl", hash = "sha256:5f1845c2a8cc1180ccccfa45785dd06f562730d19ef75be180334254012b6283", size = 166007, upload-time = "2026-05-22T14:49:02.332Z" },
    { url = "https://files.pythonhosted.org/packages/b9/73/20ee58c0612dae7c31131a7095345812ed2c7b389019e175f68cde34e5b4/wrapt-2.2.1-cp314-cp314-win32.whl", hash = "sha256:436addbc4bb4fc0a88c702577f51195d7d73683a7f3e0e5b253d8404d7847243", size = 78327, upload-time = "2026-05-22T14:49:03.722Z" },
    { url = "https://files.pythonhosted.org/packages/22/b3/ef7c3295d02e0448a71c639a36a057f46d524d057c9486291a7a3039e65c/wrapt-2.2.1-cp314-cp314-win_amd64.whl", hash = "sha256:50972a1d974ea07725a7f6b1cec5f8759008afd030a0024843ebe7d52de47f2b", size = 81144, upload-time = "2026-05-22T14:49:05.093Z" },
    { url = "https://files.pythonhosted.org/packages/ac/dc/7bdf336953f99f4ceb0a584bb8870e42c8f26f93ea10c87834dad62f1668/wrapt-2.2.1-cp314-cp314-win_arm64.whl", hash = "sha256:1c9934ea5d92957e3cd0adbc0845539dccfd62710ebe16195a8c66c53954db36", size = 79569, upload-time = "2026-05-22T14:49:06.413Z" },
    { url = "https://files.pythonhosted.org/packages/6a/6d/6dfae80150ff1919c356d1dd528f049bcdfaae29b4d284bc957e022caef4/wrapt-2.2.1-cp314-cp314t-macosx_10_15_x86_64.whl", hash = "sha256:17de18fc12cea55b8a9587314cb830573e37fb33b247a7515696350863714188", size = 82892, upload-time = "2026-05-22T14:49:07.925Z" },
    { url = "https://files.pythonhosted.org/packages/82/7b/4e34766a7d7804ffce9e71befe47e9b3225dc350c49c94493c4ab39fd3a5/wrapt-2.2.1-cp314-cp314t-macosx_11_0_arm64.whl", hash = "sha256:a9dec1aca52dddde7df94818310fa2fe79739c8f385b2014c4cb1035f5508199", size = 83333, upload-time = "2026-05-22T14:49:09.257Z" },
    { url = "https://files.pythonhosted.org/packages/9d/57/0b34db3e8de44ccfece62d7b337abd1631dd810f5adc5f3db571727836b5/wrapt-2.2.1-cp314-cp314t-manylinux1_x86_64.manylinux_2_28_x86_64.manylinux_2_5_x86_64.whl", hash = "sha256:69f2e9244542cb34dd59c7f073445b9e54ad9f3fce8d93606c368a1b499fc413", size = 202899, upload-time = "2026-05-22T14:49:10.572Z" },
    { url = "https://files.pythonhosted.org/packages/e5/45/ac0c459f154b99d92789a6cba7ca727185b83513b986f8ec7fe2aacddcbf/wrapt-2.2.1-cp314-cp314t-manylinux2014_aarch64.manylinux_2_17_aarch64.manylinux_2_28_aarch64.whl", hash = "sha256:2d83966dc7f4f45e8b97b5933685ac2e6e67fc0e19246ea314bceb9a8970c956", size = 209986, upload-time = "2026-05-22T14:49:12.229Z" },
    { url = "https://files.pythonhosted.org/packages/b7/e4/77e37ff33ad018fa81ade52c25fa327b80b56f81d734279a63614fcb4cbc/wrapt-2.2.1-cp314-cp314t-manylinux_2_31_riscv64.manylinux_2_39_riscv64.whl", hash = "sha256:78b0aa6bfb7be8deed0ab23e7aa028cc5210c29bc2d32a04d52b50e517a7307e", size = 194893, upload-time = "2026-05-22T14:49:14.139Z" },
    { url = "https://files.pythonhosted.org/packages/dd/9d/7ea651d1ab032fc5fa222fbec91d0f8a1397f6ae04ebb93fa7219aa921d7/wrapt-2.2.1-cp314-cp314t-musllinux_1_2_aarch64.whl", hash = "sha256:05d5cb74d1b232ec8cfa130a8f900708699ff2491d97b8f85a4cdc5996294b85", size = 205636, upload-time = "2026-05-22T14:49:15.714Z" },
    { url = "https://files.pythonhosted.org/packages/09/af/8e88031a701275b9085c54e64bc88c0b1cd55c77eadd400691c371cd76c4/wrapt-2.2.1-cp314-cp314t-musllinux_1_2_riscv64.whl", hash = "sha256:f6518b94edb9150452e9aba08027d4cc293433753ec1fbefb4629a21cbc74181", size = 192267, upload-time = "2026-05-22T14:49:17.283Z" },
    { url = "https://files.pythonhosted.org/packages/bf/a8/e657ca876b06710194f243d81c4b0896ade646e244bdbec2d87c8c56a8bd/wrapt-2.2.1-cp314-cp314t-musllinux_1_2_x86_64.whl", hash = "sha256:ed55af48b3eb28f43228ca2306788892bcb629eb2b5c4876e2a3659872c2f17a", size = 198378, upload-time = "2026-05-22T14:49:18.785Z" },
    { url = "https://files.pythonhosted.org/packages/c8/59/822efe4ea722a3961331bfa35b7d90937790d2c20f0616de1997ccc3aebd/wrapt-2.2.1-cp314-cp314t-win32.whl", hash = "sha256:2e08688ab16525897da6589d56d0aebaf417bbe91c2d8e3b96203b1efa596e85", size = 80226, upload-time = "2026-05-22T14:49:20.264Z" },
    { url = "https://files.pythonhosted.org/packages/ab/31/2a7dc5f6abb2fca0b6e1610e120419f603650aceb4f1d3ac4cae0354e162/wrapt-2.2.1-cp314-cp314t-win_amd64.whl", hash = "sha256:fd0135d34387f5fd087d9be368ea77ea89cf2451dc1cd1c622d35021bcb3ab50", size = 83835, upload-time = "2026-05-22T14:49:21.634Z" },
    { url = "https://files.pythonhosted.org/packages/9f/c0/782b86e28d1ceebeb74cccea12d2cd3d2ba0bd68e3dec20b1bc5873f6127/wrapt-2.2.1-cp314-cp314t-win_arm64.whl", hash = "sha256:f70db64e8266d7c45d3b735f2e08eeb434b5e03da9a479ae42b2e2e486a21a00", size = 80722, upload-time = "2026-05-22T14:49:23.59Z" },
    { url = "https://files.pythonhosted.org/packages/53/46/29ac9daf11a86c22a8c38cd9236c62928ccae83f7ceb06bd3b0467cf9d05/wrapt-2.2.1-py3-none-any.whl", hash = "sha256:3aafea2975caef8ca49400640dde02cc7426e798f24870ed01f490bc3cffd32f", size = 61000, upload-time = "2026-05-22T14:49:41.593Z" },
]
